
Microsoft Visual Studio Solution File, Format Version 12.00
# Visual Studio Version 17
VisualStudioVersion = 17.4.33122.133
MinimumVisualStudioVersion = 10.0.40219.1
Project("{9A19103F-16F7-4668-BE54-9A1E7A4F7556}") = "App.StudentManagement", "App.StudentManagement\App.StudentManagement.csproj", "{81C830ED-5EF7-4DF2-87ED-71A71CE40C61}"
EndProject
Project("{9A19103F-16F7-4668-BE54-9A1E7A4F7556}") = "Library.StudentManagement", "Library.StudentManagement\Library.StudentManagement.csproj", "{8116C114-A301-470D-B18F-78FBC45943D1}"
EndProject
Project("{9A19103F-16F7-4668-BE54-9A1E7A4F7556}") = "Maui.StudentManagement", "Maui.StudentManagement\Maui.StudentManagement.csproj", "{07EB6733-CA3E-4B94-8F7B-B4031A54D5E3}"
	ProjectSection(ProjectDependencies) = postProject
		{8116C114-A301-470D-B18F-78FBC45943D1} = {8116C114-A301-470D-B18F-78FBC45943D1}
		{81C830ED-5EF7-4DF2-87ED-71A71CE40C61} = {81C830ED-5EF7-4DF2-87ED-71A71CE40C61}
	EndProjectSection
EndProject
Global
	GlobalSection(SolutionConfigurationPlatforms) = preSolution
		Debug|Any CPU = Debug|Any CPU
		Release|Any CPU = Release|Any CPU
	EndGlobalSection
	GlobalSection(ProjectConfigurationPlatforms) = postSolution
		{81C830ED-5EF7-4DF2-87ED-71A71CE40C61}.Debug|Any CPU.ActiveCfg = Debug|Any CPU
		{81C830ED-5EF7-4DF2-87ED-71A71CE40C61}.Debug|Any CPU.Build.0 = Debug|Any CPU
		{81C830ED-5EF7-4DF2-87ED-71A71CE40C61}.Release|Any CPU.ActiveCfg = Release|Any CPU
		{81C830ED-5EF7-4DF2-87ED-71A71CE40C61}.Release|Any CPU.Build.0 = Release|Any CPU
		{8116C114-A301-470D-B18F-78FBC45943D1}.Debug|Any CPU.ActiveCfg = Debug|Any CPU
		{8116C114-A301-470D-B18F-78FBC45943D1}.Debug|Any CPU.Build.0 = Debug|Any CPU
		{8116C114-A301-470D-B18F-78FBC45943D1}.Release|Any CPU.ActiveCfg = Release|Any CPU
		{8116C114-A301-470D-B18F-78FBC45943D1}.Release|Any CPU.Build.0 = Release|Any CPU
		{07EB6733-CA3E-4B94-8F7B-B4031A54D5E3}.Debug|Any CPU.ActiveCfg = Debug|Any CPU
		{07EB6733-CA3E-4B94-8F7B-B4031A54D5E3}.Debug|Any CPU.Build.0 = Debug|Any CPU
		{07EB6733-CA3E-4B94-8F7B-B4031A54D5E3}.Debug|Any CPU.Deploy.0 = Debug|Any CPU
		{07EB6733-CA3E-4B94-8F7B-B4031A54D5E3}.Release|Any CPU.ActiveCfg = Release|Any CPU
		{07EB6733-CA3E-4B94-8F7B-B4031A54D5E3}.Release|Any CPU.Build.0 = Release|Any CPU
		{07EB6733-CA3E-4B94-8F7B-B4031A54D5E3}.Release|Any CPU.Deploy.0 = Release|Any CPU
	EndGlobalSection
	GlobalSection(SolutionProperties) = preSolution
		HideSolutionNode = FALSE
	EndGlobalSection
	GlobalSection(ExtensibilityGlobals) = postSolution
		SolutionGuid = {F013C049-779D-40A7-94C4-BD9D2FCE9D13}
	EndGlobalSection
EndGlobal
